
Microsoft Visual Studio Solution File, Format Version 12.00
# Visual Studio Version 17
VisualStudioVersion = 17.0.31903.59
MinimumVisualStudioVersion = 10.0.40219.1
Project("{FAE04EC0-301F-11D3-BF4B-00C04F79EFBC}") = "MCMS.Core", "MCMS.Core\MCMS.Core.csproj", "{07E76458-43BE-4F6F-B662-8F6D4A145F9F}"
EndProject
Project("{FAE04EC0-301F-11D3-BF4B-00C04F79EFBC}") = "MCMS.Infrastructure", "MCMS.Infrastructure\MCMS.Infrastructure.csproj", "{C2595794-503C-4647-BD97-9D4D2CF93DA8}"
EndProject
Project("{FAE04EC0-301F-11D3-BF4B-00C04F79EFBC}") = "MCMS.Api", "MCMS.Api\MCMS.Api.csproj", "{6E28080B-D924-4331-A440-78ACE726B181}"
EndProject
Project("{FAE04EC0-301F-11D3-BF4B-00C04F79EFBC}") = "MCMS.Workers", "MCMS.Workers\MCMS.Workers.csproj", "{FB189AE7-A9F3-40D5-AD6C-A80057C19D82}"
EndProject
Project("{FAE04EC0-301F-11D3-BF4B-00C04F79EFBC}") = "MCMS.CmdContracts", "MCMS.CmdContracts\MCMS.CmdContracts.csproj", "{BB48F704-9701-4B85-A82C-F7AE3866B0B8}"
EndProject
Project("{FAE04EC0-301F-11D3-BF4B-00C04F79EFBC}") = "MCMS.CmdHost", "MCMS.CmdHost\MCMS.CmdHost.csproj", "{E200B7E7-5954-4447-82B7-F04BA6F23703}"
EndProject
Project("{FAE04EC0-301F-11D3-BF4B-00C04F79EFBC}") = "MCMS.Client", "MCMS.Client\MCMS.Client.csproj", "{5C19D04B-CAFA-4F1C-90B2-2B461B5BEEDD}"
EndProject
Project("{FAE04EC0-301F-11D3-BF4B-00C04F79EFBC}") = "MCMS.Tests", "MCMS.Tests\MCMS.Tests.csproj", "{6518140B-CF98-4D06-9C47-A1C4E0562E50}"
EndProject
Global
	GlobalSection(SolutionConfigurationPlatforms) = preSolution
		Debug|Any CPU = Debug|Any CPU
		Debug|x64 = Debug|x64
		Debug|x86 = Debug|x86
		Release|Any CPU = Release|Any CPU
		Release|x64 = Release|x64
		Release|x86 = Release|x86
	EndGlobalSection
	GlobalSection(ProjectConfigurationPlatforms) = postSolution
		{07E76458-43BE-4F6F-B662-8F6D4A145F9F}.Debug|Any CPU.ActiveCfg = Debug|Any CPU
		{07E76458-43BE-4F6F-B662-8F6D4A145F9F}.Debug|Any CPU.Build.0 = Debug|Any CPU
		{07E76458-43BE-4F6F-B662-8F6D4A145F9F}.Debug|x64.ActiveCfg = Debug|Any CPU
		{07E76458-43BE-4F6F-B662-8F6D4A145F9F}.Debug|x64.Build.0 = Debug|Any CPU
		{07E76458-43BE-4F6F-B662-8F6D4A145F9F}.Debug|x86.ActiveCfg = Debug|Any CPU
		{07E76458-43BE-4F6F-B662-8F6D4A145F9F}.Debug|x86.Build.0 = Debug|Any CPU
		{07E76458-43BE-4F6F-B662-8F6D4A145F9F}.Release|Any CPU.ActiveCfg = Release|Any CPU
		{07E76458-43BE-4F6F-B662-8F6D4A145F9F}.Release|Any CPU.Build.0 = Release|Any CPU
		{07E76458-43BE-4F6F-B662-8F6D4A145F9F}.Release|x64.ActiveCfg = Release|Any CPU
		{07E76458-43BE-4F6F-B662-8F6D4A145F9F}.Release|x64.Build.0 = Release|Any CPU
		{07E76458-43BE-4F6F-B662-8F6D4A145F9F}.Release|x86.ActiveCfg = Release|Any CPU
		{07E76458-43BE-4F6F-B662-8F6D4A145F9F}.Release|x86.Build.0 = Release|Any CPU
		{C2595794-503C-4647-BD97-9D4D2CF93DA8}.Debug|Any CPU.ActiveCfg = Debug|Any CPU
		{C2595794-503C-4647-BD97-9D4D2CF93DA8}.Debug|Any CPU.Build.0 = Debug|Any CPU
		{C2595794-503C-4647-BD97-9D4D2CF93DA8}.Debug|x64.ActiveCfg = Debug|Any CPU
		{C2595794-503C-4647-BD97-9D4D2CF93DA8}.Debug|x64.Build.0 = Debug|Any CPU
		{C2595794-503C-4647-BD97-9D4D2CF93DA8}.Debug|x86.ActiveCfg = Debug|Any CPU
		{C2595794-503C-4647-BD97-9D4D2CF93DA8}.Debug|x86.Build.0 = Debug|Any CPU
		{C2595794-503C-4647-BD97-9D4D2CF93DA8}.Release|Any CPU.ActiveCfg = Release|Any CPU
		{C2595794-503C-4647-BD97-9D4D2CF93DA8}.Release|Any CPU.Build.0 = Release|Any CPU
		{C2595794-503C-4647-BD97-9D4D2CF93DA8}.Release|x64.ActiveCfg = Release|Any CPU
		{C2595794-503C-4647-BD97-9D4D2CF93DA8}.Release|x64.Build.0 = Release|Any CPU
		{C2595794-503C-4647-BD97-9D4D2CF93DA8}.Release|x86.ActiveCfg = Release|Any CPU
		{C2595794-503C-4647-BD97-9D4D2CF93DA8}.Release|x86.Build.0 = Release|Any CPU
		{6E28080B-D924-4331-A440-78ACE726B181}.Debug|Any CPU.ActiveCfg = Debug|Any CPU
		{6E28080B-D924-4331-A440-78ACE726B181}.Debug|Any CPU.Build.0 = Debug|Any CPU
		{6E28080B-D924-4331-A440-78ACE726B181}.Debug|x64.ActiveCfg = Debug|Any CPU
		{6E28080B-D924-4331-A440-78ACE726B181}.Debug|x64.Build.0 = Debug|Any CPU
		{6E28080B-D924-4331-A440-78ACE726B181}.Debug|x86.ActiveCfg = Debug|Any CPU
		{6E28080B-D924-4331-A440-78ACE726B181}.Debug|x86.Build.0 = Debug|Any CPU
		{6E28080B-D924-4331-A440-78ACE726B181}.Release|Any CPU.ActiveCfg = Release|Any CPU
		{6E28080B-D924-4331-A440-78ACE726B181}.Release|Any CPU.Build.0 = Release|Any CPU
		{6E28080B-D924-4331-A440-78ACE726B181}.Release|x64.ActiveCfg = Release|Any CPU
		{6E28080B-D924-4331-A440-78ACE726B181}.Release|x64.Build.0 = Release|Any CPU
		{6E28080B-D924-4331-A440-78ACE726B181}.Release|x86.ActiveCfg = Release|Any CPU
		{6E28080B-D924-4331-A440-78ACE726B181}.Release|x86.Build.0 = Release|Any CPU
		{FB189AE7-A9F3-40D5-AD6C-A80057C19D82}.Debug|Any CPU.ActiveCfg = Debug|Any CPU
		{FB189AE7-A9F3-40D5-AD6C-A80057C19D82}.Debug|Any CPU.Build.0 = Debug|Any CPU
		{FB189AE7-A9F3-40D5-AD6C-A80057C19D82}.Debug|x64.ActiveCfg = Debug|Any CPU
		{FB189AE7-A9F3-40D5-AD6C-A80057C19D82}.Debug|x64.Build.0 = Debug|Any CPU
		{FB189AE7-A9F3-40D5-AD6C-A80057C19D82}.Debug|x86.ActiveCfg = Debug|Any CPU
		{FB189AE7-A9F3-40D5-AD6C-A80057C19D82}.Debug|x86.Build.0 = Debug|Any CPU
		{FB189AE7-A9F3-40D5-AD6C-A80057C19D82}.Release|Any CPU.ActiveCfg = Release|Any CPU
		{FB189AE7-A9F3-40D5-AD6C-A80057C19D82}.Release|Any CPU.Build.0 = Release|Any CPU
		{FB189AE7-A9F3-40D5-AD6C-A80057C19D82}.Release|x64.ActiveCfg = Release|Any CPU
		{FB189AE7-A9F3-40D5-AD6C-A80057C19D82}.Release|x64.Build.0 = Release|Any CPU
		{FB189AE7-A9F3-40D5-AD6C-A80057C19D82}.Release|x86.ActiveCfg = Release|Any CPU
		{FB189AE7-A9F3-40D5-AD6C-A80057C19D82}.Release|x86.Build.0 = Release|Any CPU
		{BB48F704-9701-4B85-A82C-F7AE3866B0B8}.Debug|Any CPU.ActiveCfg = Debug|Any CPU
		{BB48F704-9701-4B85-A82C-F7AE3866B0B8}.Debug|Any CPU.Build.0 = Debug|Any CPU
		{BB48F704-9701-4B85-A82C-F7AE3866B0B8}.Debug|x64.ActiveCfg = Debug|Any CPU
		{BB48F704-9701-4B85-A82C-F7AE3866B0B8}.Debug|x64.Build.0 = Debug|Any CPU
		{BB48F704-9701-4B85-A82C-F7AE3866B0B8}.Debug|x86.ActiveCfg = Debug|Any CPU
		{BB48F704-9701-4B85-A82C-F7AE3866B0B8}.Debug|x86.Build.0 = Debug|Any CPU
		{BB48F704-9701-4B85-A82C-F7AE3866B0B8}.Release|Any CPU.ActiveCfg = Release|Any CPU
		{BB48F704-9701-4B85-A82C-F7AE3866B0B8}.Release|Any CPU.Build.0 = Release|Any CPU
		{BB48F704-9701-4B85-A82C-F7AE3866B0B8}.Release|x64.ActiveCfg = Release|Any CPU
		{BB48F704-9701-4B85-A82C-F7AE3866B0B8}.Release|x64.Build.0 = Release|Any CPU
		{BB48F704-9701-4B85-A82C-F7AE3866B0B8}.Release|x86.ActiveCfg = Release|Any CPU
		{BB48F704-9701-4B85-A82C-F7AE3866B0B8}.Release|x86.Build.0 = Release|Any CPU
		{E200B7E7-5954-4447-82B7-F04BA6F23703}.Debug|Any CPU.ActiveCfg = Debug|Any CPU
		{E200B7E7-5954-4447-82B7-F04BA6F23703}.Debug|Any CPU.Build.0 = Debug|Any CPU
		{E200B7E7-5954-4447-82B7-F04BA6F23703}.Debug|x64.ActiveCfg = Debug|Any CPU
		{E200B7E7-5954-4447-82B7-F04BA6F23703}.Debug|x64.Build.0 = Debug|Any CPU
		{E200B7E7-5954-4447-82B7-F04BA6F23703}.Debug|x86.ActiveCfg = Debug|Any CPU
		{E200B7E7-5954-4447-82B7-F04BA6F23703}.Debug|x86.Build.0 = Debug|Any CPU
		{E200B7E7-5954-4447-82B7-F04BA6F23703}.Release|Any CPU.ActiveCfg = Release|Any CPU
		{E200B7E7-5954-4447-82B7-F04BA6F23703}.Release|Any CPU.Build.0 = Release|Any CPU
		{E200B7E7-5954-4447-82B7-F04BA6F23703}.Release|x64.ActiveCfg = Release|Any CPU
		{E200B7E7-5954-4447-82B7-F04BA6F23703}.Release|x64.Build.0 = Release|Any CPU
		{E200B7E7-5954-4447-82B7-F04BA6F23703}.Release|x86.ActiveCfg = Release|Any CPU
		{E200B7E7-5954-4447-82B7-F04BA6F23703}.Release|x86.Build.0 = Release|Any CPU
		{5C19D04B-CAFA-4F1C-90B2-2B461B5BEEDD}.Debug|Any CPU.ActiveCfg = Debug|Any CPU
		{5C19D04B-CAFA-4F1C-90B2-2B461B5BEEDD}.Debug|Any CPU.Build.0 = Debug|Any CPU
		{5C19D04B-CAFA-4F1C-90B2-2B461B5BEEDD}.Debug|x64.ActiveCfg = Debug|Any CPU
		{5C19D04B-CAFA-4F1C-90B2-2B461B5BEEDD}.Debug|x64.Build.0 = Debug|Any CPU
		{5C19D04B-CAFA-4F1C-90B2-2B461B5BEEDD}.Debug|x86.ActiveCfg = Debug|Any CPU
		{5C19D04B-CAFA-4F1C-90B2-2B461B5BEEDD}.Debug|x86.Build.0 = Debug|Any CPU
		{5C19D04B-CAFA-4F1C-90B2-2B461B5BEEDD}.Release|Any CPU.ActiveCfg = Release|Any CPU
		{5C19D04B-CAFA-4F1C-90B2-2B461B5BEEDD}.Release|Any CPU.Build.0 = Release|Any CPU
		{5C19D04B-CAFA-4F1C-90B2-2B461B5BEEDD}.Release|x64.ActiveCfg = Release|Any CPU
		{5C19D04B-CAFA-4F1C-90B2-2B461B5BEEDD}.Release|x64.Build.0 = Release|Any CPU
		{5C19D04B-CAFA-4F1C-90B2-2B461B5BEEDD}.Release|x86.ActiveCfg = Release|Any CPU
		{5C19D04B-CAFA-4F1C-90B2-2B461B5BEEDD}.Release|x86.Build.0 = Release|Any CPU
		{6518140B-CF98-4D06-9C47-A1C4E0562E50}.Debug|Any CPU.ActiveCfg = Debug|Any CPU
		{6518140B-CF98-4D06-9C47-A1C4E0562E50}.Debug|Any CPU.Build.0 = Debug|Any CPU
		{6518140B-CF98-4D06-9C47-A1C4E0562E50}.Debug|x64.ActiveCfg = Debug|Any CPU
		{6518140B-CF98-4D06-9C47-A1C4E0562E50}.Debug|x64.Build.0 = Debug|Any CPU
		{6518140B-CF98-4D06-9C47-A1C4E0562E50}.Debug|x86.ActiveCfg = Debug|Any CPU
		{6518140B-CF98-4D06-9C47-A1C4E0562E50}.Debug|x86.Build.0 = Debug|Any CPU
		{6518140B-CF98-4D06-9C47-A1C4E0562E50}.Release|Any CPU.ActiveCfg = Release|Any CPU
		{6518140B-CF98-4D06-9C47-A1C4E0562E50}.Release|Any CPU.Build.0 = Release|Any CPU
		{6518140B-CF98-4D06-9C47-A1C4E0562E50}.Release|x64.ActiveCfg = Release|Any CPU
		{6518140B-CF98-4D06-9C47-A1C4E0562E50}.Release|x64.Build.0 = Release|Any CPU
		{6518140B-CF98-4D06-9C47-A1C4E0562E50}.Release|x86.ActiveCfg = Release|Any CPU
		{6518140B-CF98-4D06-9C47-A1C4E0562E50}.Release|x86.Build.0 = Release|Any CPU
	EndGlobalSection
	GlobalSection(SolutionProperties) = preSolution
		HideSolutionNode = FALSE
	EndGlobalSection
EndGlobal
